
Microsoft Visual Studio Solution File, Format Version 12.00
# Visual Studio Version 16
VisualStudioVersion = 16.0.30621.155
MinimumVisualStudioVersion = 10.0.40219.1
Project("{FAE04EC0-301F-11D3-BF4B-00C04F79EFBC}") = "Homework3", "Homework3.csproj", "{7AABABCB-892B-456D-AE1B-EF03B865DBCF}"
EndProject
Global
	GlobalSection(SolutionConfigurationPlatforms) = preSolution
		Debug|Any CPU = Debug|Any CPU
		Release|Any CPU = Release|Any CPU
	EndGlobalSection
	GlobalSection(ProjectConfigurationPlatforms) = postSolution
		{7AABABCB-892B-456D-AE1B-EF03B865DBCF}.Debug|Any CPU.ActiveCfg = Debug|Any CPU
		{7AABABCB-892B-456D-AE1B-EF03B865DBCF}.Debug|Any CPU.Build.0 = Debug|Any CPU
		{7AABABCB-892B-456D-AE1B-EF03B865DBCF}.Release|Any CPU.ActiveCfg = Release|Any CPU
		{7AABABCB-892B-456D-AE1B-EF03B865DBCF}.Release|Any CPU.Build.0 = Release|Any CPU
	EndGlobalSection
	GlobalSection(SolutionProperties) = preSolution
		HideSolutionNode = FALSE
	EndGlobalSection
	GlobalSection(ExtensibilityGlobals) = postSolution
		SolutionGuid = {8F294740-4CE9-4571-B40B-4D7ADA8A53E2}
	EndGlobalSection
EndGlobal
